{
  "name": "browser-model-gpt-2",
  "version": "1.0.0",
  "lockfileVersion": 3,
  "requires": true,
  "packages": {
    "": {
      "name": "browser-model-gpt-2",
      "version": "1.0.0",
      "license": "ISC",
      "devDependencies": {
        "@types/node": "^26.0.0",
        "@typescript/native-preview": "^7.0.0-dev.20260620.1"
      }
    },
    "node_modules/@types/node": {
      "version": "26.0.0",
      "resolved": "https://registry.npmjs.org/@types/node/-/node-26.0.0.tgz",
      "integrity": "sha512-vf2YFi1iY9lHGwNJMs01biZFbKJkrZR1T6/MlzjhJLPdntOHLhTrDSnSVcdtvjihi4VQNlrFRIxLsDBlQpAipA==",
      "dev": true,
      "license": "MIT",
      "dependencies": {
        "undici-types": "~8.3.0"
      }
    },
    "node_modules/@typescript/native-preview": {
      "version": "7.0.0-dev.20260620.1",
      "resolved": "https://registry.npmjs.org/@typescript/native-preview/-/native-preview-7.0.0-dev.20260620.1.tgz",
      "integrity": "sha512-W5XiTTbIGZSAJUMJqynchbfcjPcoNn29U8dnd+FK+x+Mj9VT9NNTymZ0YAIf+hU2uYAxx3AGe6/U/2OF2TpQwg==",
      "dev": true,
      "license": "Apache-2.0",
      "bin": {
        "tsgo": "bin/tsgo.js"
      },
      "engines": {
        "node": ">=16.20.0"
      },
      "optionalDependencies": {
        "@typescript/native-preview-darwin-arm64": "7.0.0-dev.20260620.1",
        "@typescript/native-preview-darwin-x64": "7.0.0-dev.20260620.1",
        "@typescript/native-preview-linux-arm": "7.0.0-dev.20260620.1",
        "@typescript/native-preview-linux-arm64": "7.0.0-dev.20260620.1",
        "@typescript/native-preview-linux-x64": "7.0.0-dev.20260620.1",
        "@typescript/native-preview-win32-arm64": "7.0.0-dev.20260620.1",
        "@typescript/native-preview-win32-x64": "7.0.0-dev.20260620.1"
      }
    },
    "node_modules/@typescript/native-preview-darwin-arm64": {
      "version": "7.0.0-dev.20260620.1",
      "resolved": "https://registry.npmjs.org/@typescript/native-preview-darwin-arm64/-/native-preview-darwin-arm64-7.0.0-dev.20260620.1.tgz",
      "integrity": "sha512-1qwEjLW1JCRkDYrS8OyWdfXoL9bNHV28kP3ouQxytZmNpghWSMKZutsxDjVVbnlsbydBdYqqZMttPuTUlm3y0A==",
      "cpu": [
        "arm64"
      ],
      "dev": true,
      "license": "Apache-2.0",
      "optional": true,
      "os": [
        "darwin"
      ],
      "engines": {
        "node": ">=16.20.0"
      }
    },
    "node_modules/@typescript/native-preview-darwin-x64": {
      "version": "7.0.0-dev.20260620.1",
      "resolved": "https://registry.npmjs.org/@typescript/native-preview-darwin-x64/-/native-preview-darwin-x64-7.0.0-dev.20260620.1.tgz",
      "integrity": "sha512-/Z5Jx8V22RTuHSVR/QCbCT2eFq6NoYc5oLah5/yDoymZaTlmvuwuc50N6y9YXF0zAh+z4QGoyAqd561cAGSNOA==",
      "cpu": [
        "x64"
      ],
      "dev": true,
      "license": "Apache-2.0",
      "optional": true,
      "os": [
        "darwin"
      ],
      "engines": {
        "node": ">=16.20.0"
      }
    },
    "node_modules/@typescript/native-preview-linux-arm": {
      "version": "7.0.0-dev.20260620.1",
      "resolved": "https://registry.npmjs.org/@typescript/native-preview-linux-arm/-/native-preview-linux-arm-7.0.0-dev.20260620.1.tgz",
      "integrity": "sha512-wuqpmYeMkOvHEx+log3bi913JRacYRo7DwkABMbD5wQMEy2GCdp3461aQ5sGrRD/lL4rylZJxE5B5aQqyhkQYA==",
      "cpu": [
        "arm"
      ],
      "dev": true,
      "license": "Apache-2.0",
      "optional": true,
      "os": [
        "linux"
      ],
      "engines": {
        "node": ">=16.20.0"
      }
    },
    "node_modules/@typescript/native-preview-linux-arm64": {
      "version": "7.0.0-dev.20260620.1",
      "resolved": "https://registry.npmjs.org/@typescript/native-preview-linux-arm64/-/native-preview-linux-arm64-7.0.0-dev.20260620.1.tgz",
      "integrity": "sha512-rz7JoRJE5zaL2RoTOHLUliz6UkDqjUngJEF1/GiSR032v8k8tp8GTezxFoosaCssQSf80cjA5wYup5zrCp4zIg==",
      "cpu": [
        "arm64"
      ],
      "dev": true,
      "license": "Apache-2.0",
      "optional": true,
      "os": [
        "linux"
      ],
      "engines": {
        "node": ">=16.20.0"
      }
    },
    "node_modules/@typescript/native-preview-linux-x64": {
      "version": "7.0.0-dev.20260620.1",
      "resolved": "https://registry.npmjs.org/@typescript/native-preview-linux-x64/-/native-preview-linux-x64-7.0.0-dev.20260620.1.tgz",
      "integrity": "sha512-8zhjBFu0RuL16iFr0TlUU8RRMdmvUY+NuSSxaVeitxmvORFoy0EwIaz+ZK9+xRhfHCIcugi6mEcTqEPv48X3oQ==",
      "cpu": [
        "x64"
      ],
      "dev": true,
      "license": "Apache-2.0",
      "optional": true,
      "os": [
        "linux"
      ],
      "engines": {
        "node": ">=16.20.0"
      }
    },
    "node_modules/@typescript/native-preview-win32-arm64": {
      "version": "7.0.0-dev.20260620.1",
      "resolved": "https://registry.npmjs.org/@typescript/native-preview-win32-arm64/-/native-preview-win32-arm64-7.0.0-dev.20260620.1.tgz",
      "integrity": "sha512-Bax5HY/6NUcbk7h+SLJIbRL8TvGRLP1mbvI9T4ah6wfYKRp3rwBlXHP3N+BEYdzOFTUlzBJLknxcjtxWd5cFPw==",
      "cpu": [
        "arm64"
      ],
      "dev": true,
      "license": "Apache-2.0",
      "optional": true,
      "os": [
        "win32"
      ],
      "engines": {
        "node": ">=16.20.0"
      }
    },
    "node_modules/@typescript/native-preview-win32-x64": {
      "version": "7.0.0-dev.20260620.1",
      "resolved": "https://registry.npmjs.org/@typescript/native-preview-win32-x64/-/native-preview-win32-x64-7.0.0-dev.20260620.1.tgz",
      "integrity": "sha512-+revF2e9JCBx1rLQCX+ny8KuZ0Tl5de7+YpYd4PUNKgF5yPi9n2+TmXtci8/3yBl7QRyLWG1td28RMa/8eIynQ==",
      "cpu": [
        "x64"
      ],
      "dev": true,
      "license": "Apache-2.0",
      "optional": true,
      "os": [
        "win32"
      ],
      "engines": {
        "node": ">=16.20.0"
      }
    },
    "node_modules/undici-types": {
      "version": "8.3.0",
      "resolved": "https://registry.npmjs.org/undici-types/-/undici-types-8.3.0.tgz",
      "integrity": "sha512-j375ScV60dom+YkPFIfTLcOiPxkN/buHz5GobjLhixFuANaNs3C9l4GmrWqejgXWJ7BbJcFYpTEUkS1Ge8bpZQ==",
      "dev": true,
      "license": "MIT"
    }
  }
}
